// !$*UTF8*$!
{
	archiveVersion = 1;
	classes = {
	};
	objectVersion = 50;
	objects = {

/* Begin PBXBuildFile section */
		89659F3A23C3DA1D00415EBB /* AppDelegate.swift in Sources */ = {isa = PBXBuildFile; fileRef = 89659F3923C3DA1D00415EBB /* AppDelegate.swift */; };
		89659F3C23C3DA1D00415EBB /* SceneDelegate.swift in Sources */ = {isa = PBXBuildFile; fileRef = 89659F3B23C3DA1D00415EBB /* SceneDelegate.swift */; };
		89659F3E23C3DA1D00415EBB /* ContentView.swift in Sources */ = {isa = PBXBuildFile; fileRef = 89659F3D23C3DA1D00415EBB /* ContentView.swift */; };
		89659F4023C3DA1F00415EBB /* Assets.xcassets in Resources */ = {isa = PBXBuildFile; fileRef = 89659F3F23C3DA1F00415EBB /* Assets.xcassets */; };
		89659F4323C3DA1F00415EBB /* Preview Assets.xcassets in Resources */ = {isa = PBXBuildFile; fileRef = 89659F4223C3DA1F00415EBB /* Preview Assets.xcassets */; };
		89659F4623C3DA1F00415EBB /* LaunchScreen.storyboard in Resources */ = {isa = PBXBuildFile; fileRef = 89659F4423C3DA1F00415EBB /* LaunchScreen.storyboard */; };
		89659F5123C3DA1F00415EBB /* GameOfLifeTests.swift in Sources */ = {isa = PBXBuildFile; fileRef = 89659F5023C3DA1F00415EBB /* GameOfLifeTests.swift */; };
		89659F5C23C3DA2000415EBB /* GameOfLifeUITests.swift in Sources */ = {isa = PBXBuildFile; fileRef = 89659F5B23C3DA2000415EBB /* GameOfLifeUITests.swift */; };
/* End PBXBuildFile section */

/* Begin PBXContainerItemProxy section */
		89659F4D23C3DA1F00415EBB /* PBXContainerItemProxy */ = {
			isa = PBXContainerItemProxy;
			containerPortal = 89659F2E23C3DA1C00415EBB /* Project object */;
			proxyType = 1;
			remoteGlobalIDString = 89659F3523C3DA1D00415EBB;
			remoteInfo = GameOfLife;
		};
		89659F5823C3DA2000415EBB /* PBXContainerItemProxy */ = {
			isa = PBXContainerItemProxy;
			containerPortal = 89659F2E23C3DA1C00415EBB /* Project object */;
			proxyType = 1;
			remoteGlobalIDString = 89659F3523C3DA1D00415EBB;
			remoteInfo = GameOfLife;
		};
/* End PBXContainerItemProxy section */

/* Begin PBXFileReference section */
		89659F3623C3DA1D00415EBB /* GameOfLife.app */ = {isa = PBXFileReference; explicitFileType = wrapper.application; includeInIndex = 0; path = GameOfLife.app; sourceTree = BUILT_PRODUCTS_DIR; };
		89659F3923C3DA1D00415EBB /* AppDelegate.swift */ = {isa = PBXFileReference; lastKnownFileType = sourcecode.swift; path = AppDelegate.swift; sourceTree = "<group>"; };
		89659F3B23C3DA1D00415EBB /* SceneDelegate.swift */ = {isa = PBXFileReference; lastKnownFileType = sourcecode.swift; path = SceneDelegate.swift; sourceTree = "<group>"; };
		89659F3D23C3DA1D00415EBB /* ContentView.swift */ = {isa = PBXFileReference; lastKnownFileType = sourcecode.swift; path = ContentView.swift; sourceTree = "<group>"; };
		89659F3F23C3DA1F00415EBB /* Assets.xcassets */ = {isa = PBXFileReference; lastKnownFileType = folder.assetcatalog; path = Assets.xcassets; sourceTree = "<group>"; };
		89659F4223C3DA1F00415EBB /* Preview Assets.xcassets */ = {isa = PBXFileReference; lastKnownFileType = folder.assetcatalog; path = "Preview Assets.xcassets"; sourceTree = "<group>"; };
		89659F4523C3DA1F00415EBB /* Base */ = {isa = PBXFileReference; lastKnownFileType = file.storyboard; name = Base; path = Base.lproj/LaunchScreen.storyboard; sourceTree = "<group>"; };
		89659F4723C3DA1F00415EBB /* Info.plist */ = {isa = PBXFileReference; lastKnownFileType = text.plist.xml; path = Info.plist; sourceTree = "<group>"; };
		89659F4C23C3DA1F00415EBB /* GameOfLifeTests.xctest */ = {isa = PBXFileReference; explicitFileType = wrapper.cfbundle; includeInIndex = 0; path = GameOfLifeTests.xctest; sourceTree = BUILT_PRODUCTS_DIR; };
		89659F5023C3DA1F00415EBB /* GameOfLifeTests.swift */ = {isa = PBXFileReference; lastKnownFileType = sourcecode.swift; path = GameOfLifeTests.swift; sourceTree = "<group>"; };
		89659F5223C3DA1F00415EBB /* Info.plist */ = {isa = PBXFileReference; lastKnownFileType = text.plist.xml; path = Info.plist; sourceTree = "<group>"; };
		89659F5723C3DA2000415EBB /* GameOfLifeUITests.xctest */ = {isa = PBXFileReference; explicitFileType = wrapper.cfbundle; includeInIndex = 0; path = GameOfLifeUITests.xctest; sourceTree = BUILT_PRODUCTS_DIR; };
		89659F5B23C3DA2000415EBB /* GameOfLifeUITests.swift */ = {isa = PBXFileReference; lastKnownFileType = sourcecode.swift; path = GameOfLifeUITests.swift; sourceTree = "<group>"; };
		89659F5D23C3DA2000415EBB /* Info.plist */ = {isa = PBXFileReference; lastKnownFileType = text.plist.xml; path = Info.plist; sourceTree = "<group>"; };
/* End PBXFileReference section */

/* Begin PBXFrameworksBuildPhase section */
		89659F3323C3DA1D00415EBB /* Frameworks */ = {
			isa = PBXFrameworksBuildPhase;
			buildActionMask = 2147483647;
			files = (
			);
			runOnlyForDeploymentPostprocessing = 0;
		};
		89659F4923C3DA1F00415EBB /* Frameworks */ = {
			isa = PBXFrameworksBuildPhase;
			buildActionMask = 2147483647;
			files = (
			);
			runOnlyForDeploymentPostprocessing = 0;
		};
		89659F5423C3DA2000415EBB /* Frameworks */ = {
			isa = PBXFrameworksBuildPhase;
			buildActionMask = 2147483647;
			files = (
			);
			runOnlyForDeploymentPostprocessing = 0;
		};
/* End PBXFrameworksBuildPhase section */

/* Begin PBXGroup section */
		89659F2D23C3DA1C00415EBB = {
			isa = PBXGroup;
			children = (
				89659F3823C3DA1D00415EBB /* GameOfLife */,
				89659F4F23C3DA1F00415EBB /* GameOfLifeTests */,
				89659F5A23C3DA2000415EBB /* GameOfLifeUITests */,
				89659F3723C3DA1D00415EBB /* Products */,
			);
			sourceTree = "<group>";
		};
		89659F3723C3DA1D00415EBB /* Products */ = {
			isa = PBXGroup;
			children = (
				89659F3623C3DA1D00415EBB /* GameOfLife.app */,
				89659F4C23C3DA1F00415EBB /* GameOfLifeTests.xctest */,
				89659F5723C3DA2000415EBB /* GameOfLifeUITests.xctest */,
			);
			name = Products;
			sourceTree = "<group>";
		};
		89659F3823C3DA1D00415EBB /* GameOfLife */ = {
			isa = PBXGroup;
			children = (
				89659F3923C3DA1D00415EBB /* AppDelegate.swift */,
				89659F3B23C3DA1D00415EBB /* SceneDelegate.swift */,
				89659F3D23C3DA1D00415EBB /* ContentView.swift */,
				89659F3F23C3DA1F00415EBB /* Assets.xcassets */,
				89659F4423C3DA1F00415EBB /* LaunchScreen.storyboard */,
				89659F4723C3DA1F00415EBB /* Info.plist */,
				89659F4123C3DA1F00415EBB /* Preview Content */,
			);
			path = GameOfLife;
			sourceTree = "<group>";
		};
		89659F4123C3DA1F00415EBB /* Preview Content */ = {
			isa = PBXGroup;
			children = (
				89659F4223C3DA1F00415EBB /* Preview Assets.xcassets */,
			);
			path = "Preview Content";
			sourceTree = "<group>";
		};
		89659F4F23C3DA1F00415EBB /* GameOfLifeTests */ = {
			isa = PBXGroup;
			children = (
				89659F5023C3DA1F00415EBB /* GameOfLifeTests.swift */,
				89659F5223C3DA1F00415EBB /* Info.plist */,
			);
			path = GameOfLifeTests;
			sourceTree = "<group>";
		};
		89659F5A23C3DA2000415EBB /* GameOfLifeUITests */ = {
			isa = PBXGroup;
			children = (
				89659F5B23C3DA2000415EBB /* GameOfLifeUITests.swift */,
				89659F5D23C3DA2000415EBB /* Info.plist */,
			);
			path = GameOfLifeUITests;
			sourceTree = "<group>";
		};
/* End PBXGroup section */

/* Begin PBXNativeTarget section */
		89659F3523C3DA1D00415EBB /* GameOfLife */ = {
			isa = PBXNativeTarget;
			buildConfigurationList = 89659F6023C3DA2000415EBB /* Build configuration list for PBXNativeTarget "GameOfLife" */;
			buildPhases = (
				89659F3223C3DA1D00415EBB /* Sources */,
				89659F3323C3DA1D00415EBB /* Frameworks */,
				89659F3423C3DA1D00415EBB /* Resources */,
			);
			buildRules = (
			);
			dependencies = (
			);
			name = GameOfLife;
			productName = GameOfLife;
			productReference = 89659F3623C3DA1D00415EBB /* GameOfLife.app */;
			productType = "com.apple.product-type.application";
		};
		89659F4B23C3DA1F00415EBB /* GameOfLifeTests */ = {
			isa = PBXNativeTarget;
			buildConfigurationList = 89659F6323C3DA2000415EBB /* Build configuration list for PBXNativeTarget "GameOfLifeTests" */;
			buildPhases = (
				89659F4823C3DA1F00415EBB /* Sources */,
				89659F4923C3DA1F00415EBB /* Frameworks */,
				89659F4A23C3DA1F00415EBB /* Resources */,
			);
			buildRules = (
			);
			dependencies = (
				89659F4E23C3DA1F00415EBB /* PBXTargetDependency */,
			);
			name = GameOfLifeTests;
			productName = GameOfLifeTests;
			productReference = 89659F4C23C3DA1F00415EBB /* GameOfLifeTests.xctest */;
			productType = "com.apple.product-type.bundle.unit-test";
		};
		89659F5623C3DA2000415EBB /* GameOfLifeUITests */ = {
			isa = PBXNativeTarget;
			buildConfigurationList = 89659F6623C3DA2000415EBB /* Build configuration list for PBXNativeTarget "GameOfLifeUITests" */;
			buildPhases = (
				89659F5323C3DA2000415EBB /* Sources */,
				89659F5423C3DA2000415EBB /* Frameworks */,
				89659F5523C3DA2000415EBB /* Resources */,
			);
			buildRules = (
			);
			dependencies = (
				89659F5923C3DA2000415EBB /* PBXTargetDependency */,
			);
			name = GameOfLifeUITests;
			productName = GameOfLifeUITests;
			productReference = 89659F5723C3DA2000415EBB /* GameOfLifeUITests.xctest */;
			productType = "com.apple.product-type.bundle.ui-testing";
		};
/* End PBXNativeTarget section */

/* Begin PBXProject section */
		89659F2E23C3DA1C00415EBB /* Project object */ = {
			isa = PBXProject;
			attributes = {
				LastSwiftUpdateCheck = 1130;
				LastUpgradeCheck = 1130;
				ORGANIZATIONNAME = "Sufficient Magic Software LLC";
				TargetAttributes = {
					89659F3523C3DA1D00415EBB = {
						CreatedOnToolsVersion = 11.3;
					};
					89659F4B23C3DA1F00415EBB = {
						CreatedOnToolsVersion = 11.3;
						TestTargetID = 89659F3523C3DA1D00415EBB;
					};
					89659F5623C3DA2000415EBB = {
						CreatedOnToolsVersion = 11.3;
						TestTargetID = 89659F3523C3DA1D00415EBB;
					};
				};
			};
			buildConfigurationList = 89659F3123C3DA1C00415EBB /* Build configuration list for PBXProject "GameOfLife" */;
			compatibilityVersion = "Xcode 9.3";
			developmentRegion = en;
			hasScannedForEncodings = 0;
			knownRegions = (
				en,
				Base,
			);
			mainGroup = 89659F2D23C3DA1C00415EBB;
			productRefGroup = 89659F3723C3DA1D00415EBB /* Products */;
			projectDirPath = "";
			projectRoot = "";
			targets = (
				89659F3523C3DA1D00415EBB /* GameOfLife */,
				89659F4B23C3DA1F00415EBB /* GameOfLifeTests */,
				89659F5623C3DA2000415EBB /* GameOfLifeUITests */,
			);
		};
/* End PBXProject section */

/* Begin PBXResourcesBuildPhase section */
		89659F3423C3DA1D00415EBB /* Resources */ = {
			isa = PBXResourcesBuildPhase;
			buildActionMask = 2147483647;
			files = (
				89659F4623C3DA1F00415EBB /* LaunchScreen.storyboard in Resources */,
				89659F4323C3DA1F00415EBB /* Preview Assets.xcassets in Resources */,
				89659F4023C3DA1F00415EBB /* Assets.xcassets in Resources */,
			);
			runOnlyForDeploymentPostprocessing = 0;
		};
		89659F4A23C3DA1F00415EBB /* Resources */ = {
			isa = PBXResourcesBuildPhase;
			buildActionMask = 2147483647;
			files = (
			);
			runOnlyForDeploymentPostprocessing = 0;
		};
		89659F5523C3DA2000415EBB /* Resources */ = {
			isa = PBXResourcesBuildPhase;
			buildActionMask = 2147483647;
			files = (
			);
			runOnlyForDeploymentPostprocessing = 0;
		};
/* End PBXResourcesBuildPhase section */

/* Begin PBXSourcesBuildPhase section */
		89659F3223C3DA1D00415EBB /* Sources */ = {
			isa = PBXSourcesBuildPhase;
			buildActionMask = 2147483647;
			files = (
				89659F3A23C3DA1D00415EBB /* AppDelegate.swift in Sources */,
				89659F3C23C3DA1D00415EBB /* SceneDelegate.swift in Sources */,
				89659F3E23C3DA1D00415EBB /* ContentView.swift in Sources */,
			);
			runOnlyForDeploymentPostprocessing = 0;
		};
		89659F4823C3DA1F00415EBB /* Sources */ = {
			isa = PBXSourcesBuildPhase;
			buildActionMask = 2147483647;
			files = (
				89659F5123C3DA1F00415EBB /* GameOfLifeTests.swift in Sources */,
			);
			runOnlyForDeploymentPostprocessing = 0;
		};
		89659F5323C3DA2000415EBB /* Sources */ = {
			isa = PBXSourcesBuildPhase;
			buildActionMask = 2147483647;
			files = (
				89659F5C23C3DA2000415EBB /* GameOfLifeUITests.swift in Sources */,
			);
			runOnlyForDeploymentPostprocessing = 0;
		};
/* End PBXSourcesBuildPhase section */

/* Begin PBXTargetDependency section */
		89659F4E23C3DA1F00415EBB /* PBXTargetDependency */ = {
			isa = PBXTargetDependency;
			target = 89659F3523C3DA1D00415EBB /* GameOfLife */;
			targetProxy = 89659F4D23C3DA1F00415EBB /* PBXContainerItemProxy */;
		};
		89659F5923C3DA2000415EBB /* PBXTargetDependency */ = {
			isa = PBXTargetDependency;
			target = 89659F3523C3DA1D00415EBB /* GameOfLife */;
			targetProxy = 89659F5823C3DA2000415EBB /* PBXContainerItemProxy */;
		};
/* End PBXTargetDependency section */

/* Begin PBXVariantGroup section */
		89659F4423C3DA1F00415EBB /* LaunchScreen.storyboard */ = {
			isa = PBXVariantGroup;
			children = (
				89659F4523C3DA1F00415EBB /* Base */,
			);
			name = LaunchScreen.storyboard;
			sourceTree = "<group>";
		};
/* End PBXVariantGroup section */

/* Begin XCBuildConfiguration section */
		89659F5E23C3DA2000415EBB /* Debug */ = {
			isa = XCBuildConfiguration;
			buildSettings = {
				ALWAYS_SEARCH_USER_PATHS = NO;
				CLANG_ANALYZER_NONNULL = YES;
				CLANG_ANALYZER_NUMBER_OBJECT_CONVERSION = YES_AGGRESSIVE;
				CLANG_CXX_LANGUAGE_STANDARD = "gnu++14";
				CLANG_CXX_LIBRARY = "libc++";
				CLANG_ENABLE_MODULES = YES;
				CLANG_ENABLE_OBJC_ARC = YES;
				CLANG_ENABLE_OBJC_WEAK = YES;
				CLANG_WARN_BLOCK_CAPTURE_AUTORELEASING = YES;
				CLANG_WARN_BOOL_CONVERSION = YES;
				CLANG_WARN_COMMA = YES;
				CLANG_WARN_CONSTANT_CONVERSION = YES;
				CLANG_WARN_DEPRECATED_OBJC_IMPLEMENTATIONS = YES;
				CLANG_WARN_DIRECT_OBJC_ISA_USAGE = YES_ERROR;
				CLANG_WARN_DOCUMENTATION_COMMENTS = YES;
				CLANG_WARN_EMPTY_BODY = YES;
				CLANG_WARN_ENUM_CONVERSION = YES;
				CLANG_WARN_INFINITE_RECURSION = YES;
				CLANG_WARN_INT_CONVERSION = YES;
				CLANG_WARN_NON_LITERAL_NULL_CONVERSION = YES;
				CLANG_WARN_OBJC_IMPLICIT_RETAIN_SELF = YES;
				CLANG_WARN_OBJC_LITERAL_CONVERSION = YES;
				CLANG_WARN_OBJC_ROOT_CLASS = YES_ERROR;
				CLANG_WARN_RANGE_LOOP_ANALYSIS = YES;
				CLANG_WARN_STRICT_PROTOTYPES = YES;
				CLANG_WARN_SUSPICIOUS_MOVE = YES;
				CLANG_WARN_UNGUARDED_AVAILABILITY = YES_AGGRESSIVE;
				CLANG_WARN_UNREACHABLE_CODE = YES;
				CLANG_WARN__DUPLICATE_METHOD_MATCH = YES;
				COPY_PHASE_STRIP = NO;
				DEBUG_INFORMATION_FORMAT = dwarf;
				ENABLE_STRICT_OBJC_MSGSEND = YES;
				ENABLE_TESTABILITY = YES;
				GCC_C_LANGUAGE_STANDARD = gnu11;
				GCC_DYNAMIC_NO_PIC = NO;
				GCC_NO_COMMON_BLOCKS = YES;
				GCC_OPTIMIZATION_LEVEL = 0;
				GCC_PREPROCESSOR_DEFINITIONS = (
					"DEBUG=1",
					"$(inherited)",
				);
				GCC_WARN_64_TO_32_BIT_CONVERSION = YES;
				GCC_WARN_ABOUT_RETURN_TYPE = YES_ERROR;
				GCC_WARN_UNDECLARED_SELECTOR = YES;
				GCC_WARN_UNINITIALIZED_AUTOS = YES_AGGRESSIVE;
				GCC_WARN_UNUSED_FUNCTION = YES;
				GCC_WARN_UNUSED_VARIABLE = YES;
				IPHONEOS_DEPLOYMENT_TARGET = 13.2;
				MTL_ENABLE_DEBUG_INFO = INCLUDE_SOURCE;
				MTL_FAST_MATH = YES;
				ONLY_ACTIVE_ARCH = YES;
				SDKROOT = iphoneos;
				SWIFT_ACTIVE_COMPILATION_CONDITIONS = DEBUG;
				SWIFT_OPTIMIZATION_LEVEL = "-Onone";
			};
			name = Debug;
		};
		89659F5F23C3DA2000415EBB /* Release */ = {
			isa = XCBuildConfiguration;
			buildSettings = {
				ALWAYS_SEARCH_USER_PATHS = NO;
				CLANG_ANALYZER_NONNULL = YES;
				CLANG_ANALYZER_NUMBER_OBJECT_CONVERSION = YES_AGGRESSIVE;
				CLANG_CXX_LANGUAGE_STANDARD = "gnu++14";
				CLANG_CXX_LIBRARY = "libc++";
				CLANG_ENABLE_MODULES = YES;
				CLANG_ENABLE_OBJC_ARC = YES;
				CLANG_ENABLE_OBJC_WEAK = YES;
				CLANG_WARN_BLOCK_CAPTURE_AUTORELEASING = YES;
				CLANG_WARN_BOOL_CONVERSION = YES;
				CLANG_WARN_COMMA = YES;
				CLANG_WARN_CONSTANT_CONVERSION = YES;
				CLANG_WARN_DEPRECATED_OBJC_IMPLEMENTATIONS = YES;
				CLANG_WARN_DIRECT_OBJC_ISA_USAGE = YES_ERROR;
				CLANG_WARN_DOCUMENTATION_COMMENTS = YES;
				CLANG_WARN_EMPTY_BODY = YES;
				CLANG_WARN_ENUM_CONVERSION = YES;
				CLANG_WARN_INFINITE_RECURSION = YES;
				CLANG_WARN_INT_CONVERSION = YES;
				CLANG_WARN_NON_LITERAL_NULL_CONVERSION = YES;
				CLANG_WARN_OBJC_IMPLICIT_RETAIN_SELF = YES;
				CLANG_WARN_OBJC_LITERAL_CONVERSION = YES;
				CLANG_WARN_OBJC_ROOT_CLASS = YES_ERROR;
				CLANG_WARN_RANGE_LOOP_ANALYSIS = YES;
				CLANG_WARN_STRICT_PROTOTYPES = YES;
				CLANG_WARN_SUSPICIOUS_MOVE = YES;
				CLANG_WARN_UNGUARDED_AVAILABILITY = YES_AGGRESSIVE;
				CLANG_WARN_UNREACHABLE_CODE = YES;
				CLANG_WARN__DUPLICATE_METHOD_MATCH = YES;
				COPY_PHASE_STRIP = NO;
				DEBUG_INFORMATION_FORMAT = "dwarf-with-dsym";
				ENABLE_NS_ASSERTIONS = NO;
				ENABLE_STRICT_OBJC_MSGSEND = YES;
				GCC_C_LANGUAGE_STANDARD = gnu11;
				GCC_NO_COMMON_BLOCKS = YES;
				GCC_WARN_64_TO_32_BIT_CONVERSION = YES;
				GCC_WARN_ABOUT_RETURN_TYPE = YES_ERROR;
				GCC_WARN_UNDECLARED_SELECTOR = YES;
				GCC_WARN_UNINITIALIZED_AUTOS = YES_AGGRESSIVE;
				GCC_WARN_UNUSED_FUNCTION = YES;
				GCC_WARN_UNUSED_VARIABLE = YES;
				IPHONEOS_DEPLOYMENT_TARGET = 13.2;
				MTL_ENABLE_DEBUG_INFO = NO;
				MTL_FAST_MATH = YES;
				SDKROOT = iphoneos;
				SWIFT_COMPILATION_MODE = wholemodule;
				SWIFT_OPTIMIZATION_LEVEL = "-O";
				VALIDATE_PRODUCT = YES;
			};
			name = Release;
		};
		89659F6123C3DA2000415EBB /* Debug */ = {
			isa = XCBuildConfiguration;
			buildSettings = {
				ASSETCATALOG_COMPILER_APPICON_NAME = AppIcon;
				CODE_SIGN_STYLE = Automatic;
				DEVELOPMENT_ASSET_PATHS = "\"GameOfLife/Preview Content\"";
				DEVELOPMENT_TEAM = 27GG4K77K2;
				ENABLE_PREVIEWS = YES;
				INFOPLIST_FILE = GameOfLife/Info.plist;
				LD_RUNPATH_SEARCH_PATHS = (
					"$(inherited)",
					"@executable_path/Frameworks",
				);
				PRODUCT_BUNDLE_IDENTIFIER = com.sufficientmagicsoftware.GameOfLife;
				PRODUCT_NAME = "$(TARGET_NAME)";
				SWIFT_VERSION = 5.0;
				TARGETED_DEVICE_FAMILY = "1,2";
			};
			name = Debug;
		};
		89659F6223C3DA2000415EBB /* Release */ = {
			isa = XCBuildConfiguration;
			buildSettings = {
				ASSETCATALOG_COMPILER_APPICON_NAME = AppIcon;
				CODE_SIGN_STYLE = Automatic;
				DEVELOPMENT_ASSET_PATHS = "\"GameOfLife/Preview Content\"";
				DEVELOPMENT_TEAM = 27GG4K77K2;
				ENABLE_PREVIEWS = YES;
				INFOPLIST_FILE = GameOfLife/Info.plist;
				LD_RUNPATH_SEARCH_PATHS = (
					"$(inherited)",
					"@executable_path/Frameworks",
				);
				PRODUCT_BUNDLE_IDENTIFIER = com.sufficientmagicsoftware.GameOfLife;
				PRODUCT_NAME = "$(TARGET_NAME)";
				SWIFT_VERSION = 5.0;
				TARGETED_DEVICE_FAMILY = "1,2";
			};
			name = Release;
		};
		89659F6423C3DA2000415EBB /* Debug */ = {
			isa = XCBuildConfiguration;
			buildSettings = {
				ALWAYS_EMBED_SWIFT_STANDARD_LIBRARIES = YES;
				BUNDLE_LOADER = "$(TEST_HOST)";
				CODE_SIGN_STYLE = Automatic;
				DEVELOPMENT_TEAM = 27GG4K77K2;
				INFOPLIST_FILE = GameOfLifeTests/Info.plist;
				IPHONEOS_DEPLOYMENT_TARGET = 13.2;
				LD_RUNPATH_SEARCH_PATHS = (
					"$(inherited)",
					"@executable_path/Frameworks",
					"@loader_path/Frameworks",
				);
				PRODUCT_BUNDLE_IDENTIFIER = com.sufficientmagicsoftware.GameOfLifeTests;
				PRODUCT_NAME = "$(TARGET_NAME)";
				SWIFT_VERSION = 5.0;
				TARGETED_DEVICE_FAMILY = "1,2";
				TEST_HOST = "$(BUILT_PRODUCTS_DIR)/GameOfLife.app/GameOfLife";
			};
			name = Debug;
		};
		89659F6523C3DA2000415EBB /* Release */ = {
			isa = XCBuildConfiguration;
			buildSettings = {
				ALWAYS_EMBED_SWIFT_STANDARD_LIBRARIES = YES;
				BUNDLE_LOADER = "$(TEST_HOST)";
				CODE_SIGN_STYLE = Automatic;
				DEVELOPMENT_TEAM = 27GG4K77K2;
				INFOPLIST_FILE = GameOfLifeTests/Info.plist;
				IPHONEOS_DEPLOYMENT_TARGET = 13.2;
				LD_RUNPATH_SEARCH_PATHS = (
					"$(inherited)",
					"@executable_path/Frameworks",
					"@loader_path/Frameworks",
				);
				PRODUCT_BUNDLE_IDENTIFIER = com.sufficientmagicsoftware.GameOfLifeTests;
				PRODUCT_NAME = "$(TARGET_NAME)";
				SWIFT_VERSION = 5.0;
				TARGETED_DEVICE_FAMILY = "1,2";
				TEST_HOST = "$(BUILT_PRODUCTS_DIR)/GameOfLife.app/GameOfLife";
			};
			name = Release;
		};
		89659F6723C3DA2000415EBB /* Debug */ = {
			isa = XCBuildConfiguration;
			buildSettings = {
				ALWAYS_EMBED_SWIFT_STANDARD_LIBRARIES = YES;
				CODE_SIGN_STYLE = Automatic;
				DEVELOPMENT_TEAM = 27GG4K77K2;
				INFOPLIST_FILE = GameOfLifeUITests/Info.plist;
				LD_RUNPATH_SEARCH_PATHS = (
					"$(inherited)",
					"@executable_path/Frameworks",
					"@loader_path/Frameworks",
				);
				PRODUCT_BUNDLE_IDENTIFIER = com.sufficientmagicsoftware.GameOfLifeUITests;
				PRODUCT_NAME = "$(TARGET_NAME)";
				SWIFT_VERSION = 5.0;
				TARGETED_DEVICE_FAMILY = "1,2";
				TEST_TARGET_NAME = GameOfLife;
			};
			name = Debug;
		};
		89659F6823C3DA2000415EBB /* Release */ = {
			isa = XCBuildConfiguration;
			buildSettings = {
				ALWAYS_EMBED_SWIFT_STANDARD_LIBRARIES = YES;
				CODE_SIGN_STYLE = Automatic;
				DEVELOPMENT_TEAM = 27GG4K77K2;
				INFOPLIST_FILE = GameOfLifeUITests/Info.plist;
				LD_RUNPATH_SEARCH_PATHS = (
					"$(inherited)",
					"@executable_path/Frameworks",
					"@loader_path/Frameworks",
				);
				PRODUCT_BUNDLE_IDENTIFIER = com.sufficientmagicsoftware.GameOfLifeUITests;
				PRODUCT_NAME = "$(TARGET_NAME)";
				SWIFT_VERSION = 5.0;
				TARGETED_DEVICE_FAMILY = "1,2";
				TEST_TARGET_NAME = GameOfLife;
			};
			name = Release;
		};
/* End XCBuildConfiguration section */

/* Begin XCConfigurationList section */
		89659F3123C3DA1C00415EBB /* Build configuration list for PBXProject "GameOfLife" */ = {
			isa = XCConfigurationList;
			buildConfigurations = (
				89659F5E23C3DA2000415EBB /* Debug */,
				89659F5F23C3DA2000415EBB /* Release */,
			);
			defaultConfigurationIsVisible = 0;
			defaultConfigurationName = Release;
		};
		89659F6023C3DA2000415EBB /* Build configuration list for PBXNativeTarget "GameOfLife" */ = {
			isa = XCConfigurationList;
			buildConfigurations = (
				89659F6123C3DA2000415EBB /* Debug */,
				89659F6223C3DA2000415EBB /* Release */,
			);
			defaultConfigurationIsVisible = 0;
			defaultConfigurationName = Release;
		};
		89659F6323C3DA2000415EBB /* Build configuration list for PBXNativeTarget "GameOfLifeTests" */ = {
			isa = XCConfigurationList;
			buildConfigurations = (
				89659F6423C3DA2000415EBB /* Debug */,
				89659F6523C3DA2000415EBB /* Release */,
			);
			defaultConfigurationIsVisible = 0;
			defaultConfigurationName = Release;
		};
		89659F6623C3DA2000415EBB /* Build configuration list for PBXNativeTarget "GameOfLifeUITests" */ = {
			isa = XCConfigurationList;
			buildConfigurations = (
				89659F6723C3DA2000415EBB /* Debug */,
				89659F6823C3DA2000415EBB /* Release */,
			);
			defaultConfigurationIsVisible = 0;
			defaultConfigurationName = Release;
		};
/* End XCConfigurationList section */
	};
	rootObject = 89659F2E23C3DA1C00415EBB /* Project object */;
}
